// !$*UTF8*$!
{
	archiveVersion = 1;
	classes = {
	};
	objectVersion = 46;
	objects = {

/* Begin PBXBuildFile section */
		8021D7F41D5AFFA100FCE099 /* Assets.xcassets in Resources */ = {isa = PBXBuildFile; fileRef = 8021D7F31D5AFFA100FCE099 /* Assets.xcassets */; };
		8021D80A1D5B026E00FCE099 /* YBNavController.m in Sources */ = {isa = PBXBuildFile; fileRef = 8021D8041D5B026E00FCE099 /* YBNavController.m */; };
		8021D80B1D5B026E00FCE099 /* AppDelegate.m in Sources */ = {isa = PBXBuildFile; fileRef = 8021D8081D5B026E00FCE099 /* AppDelegate.m */; };
		8021D8101D5B02D400FCE099 /* main.m in Sources */ = {isa = PBXBuildFile; fileRef = 8021D80F1D5B02D400FCE099 /* main.m */; };
		8021D8131D5B036B00FCE099 /* YBTabBarController.m in Sources */ = {isa = PBXBuildFile; fileRef = 8021D8121D5B036B00FCE099 /* YBTabBarController.m */; };
		8021D8191D5B06AA00FCE099 /* YBMainViewController.m in Sources */ = {isa = PBXBuildFile; fileRef = 8021D8181D5B06AA00FCE099 /* YBMainViewController.m */; };
		80CD96B61D60D8C60043B2FC /* YBLoginController.m in Sources */ = {isa = PBXBuildFile; fileRef = 80CD96B51D60D8C60043B2FC /* YBLoginController.m */; };
		80CD96D21D60D9FD0043B2FC /* MASCompositeConstraint.m in Sources */ = {isa = PBXBuildFile; fileRef = 80CD96BA1D60D9FD0043B2FC /* MASCompositeConstraint.m */; };
		80CD96D31D60D9FD0043B2FC /* MASConstraint.m in Sources */ = {isa = PBXBuildFile; fileRef = 80CD96BD1D60D9FD0043B2FC /* MASConstraint.m */; };
		80CD96D41D60D9FD0043B2FC /* MASConstraintMaker.m in Sources */ = {isa = PBXBuildFile; fileRef = 80CD96BF1D60D9FD0043B2FC /* MASConstraintMaker.m */; };
		80CD96D51D60D9FD0043B2FC /* MASLayoutConstraint.m in Sources */ = {isa = PBXBuildFile; fileRef = 80CD96C11D60D9FD0043B2FC /* MASLayoutConstraint.m */; };
		80CD96D61D60D9FD0043B2FC /* MASViewAttribute.m in Sources */ = {isa = PBXBuildFile; fileRef = 80CD96C51D60D9FD0043B2FC /* MASViewAttribute.m */; };
		80CD96D71D60D9FD0043B2FC /* MASViewConstraint.m in Sources */ = {isa = PBXBuildFile; fileRef = 80CD96C71D60D9FD0043B2FC /* MASViewConstraint.m */; };
		80CD96D81D60D9FD0043B2FC /* NSArray+MASAdditions.m in Sources */ = {isa = PBXBuildFile; fileRef = 80CD96C91D60D9FD0043B2FC /* NSArray+MASAdditions.m */; };
		80CD96D91D60D9FD0043B2FC /* NSLayoutConstraint+MASDebugAdditions.m in Sources */ = {isa = PBXBuildFile; fileRef = 80CD96CC1D60D9FD0043B2FC /* NSLayoutConstraint+MASDebugAdditions.m */; };
		80CD96DA1D60D9FD0043B2FC /* View+MASAdditions.m in Sources */ = {isa = PBXBuildFile; fileRef = 80CD96CE1D60D9FD0043B2FC /* View+MASAdditions.m */; };
		80CD96DB1D60D9FD0043B2FC /* ViewController+MASAdditions.m in Sources */ = {isa = PBXBuildFile; fileRef = 80CD96D11D60D9FD0043B2FC /* ViewController+MASAdditions.m */; };
/* End PBXBuildFile section */

/* Begin PBXFileReference section */
		8021D7E41D5AFFA100FCE099 /* YueBan.app */ = {isa = PBXFileReference; explicitFileType = wrapper.application; includeInIndex = 0; path = YueBan.app; sourceTree = BUILT_PRODUCTS_DIR; };
		8021D7F31D5AFFA100FCE099 /* Assets.xcassets */ = {isa = PBXFileReference; lastKnownFileType = folder.assetcatalog; name = Assets.xcassets; path = ../Assets.xcassets; sourceTree = "<group>"; };
		8021D7F81D5AFFA100FCE099 /* Info.plist */ = {isa = PBXFileReference; lastKnownFileType = text.plist.xml; path = Info.plist; sourceTree = "<group>"; };
		8021D8031D5B026E00FCE099 /* YBNavController.h */ = {isa = PBXFileReference; fileEncoding = 4; lastKnownFileType = sourcecode.c.h; path = YBNavController.h; sourceTree = "<group>"; };
		8021D8041D5B026E00FCE099 /* YBNavController.m */ = {isa = PBXFileReference; fileEncoding = 4; lastKnownFileType = sourcecode.c.objc; path = YBNavController.m; sourceTree = "<group>"; };
		8021D8071D5B026E00FCE099 /* AppDelegate.h */ = {isa = PBXFileReference; fileEncoding = 4; lastKnownFileType = sourcecode.c.h; path = AppDelegate.h; sourceTree = "<group>"; };
		8021D8081D5B026E00FCE099 /* AppDelegate.m */ = {isa = PBXFileReference; fileEncoding = 4; lastKnownFileType = sourcecode.c.objc; path = AppDelegate.m; sourceTree = "<group>"; };
		8021D80F1D5B02D400FCE099 /* main.m */ = {isa = PBXFileReference; fileEncoding = 4; lastKnownFileType = sourcecode.c.objc; path = main.m; sourceTree = "<group>"; };
		8021D8111D5B036B00FCE099 /* YBTabBarController.h */ = {isa = PBXFileReference; fileEncoding = 4; lastKnownFileType = sourcecode.c.h; path = YBTabBarController.h; sourceTree = "<group>"; };
		8021D8121D5B036B00FCE099 /* YBTabBarController.m */ = {isa = PBXFileReference; fileEncoding = 4; lastKnownFileType = sourcecode.c.objc; path = YBTabBarController.m; sourceTree = "<group>"; };
		8021D8171D5B06AA00FCE099 /* YBMainViewController.h */ = {isa = PBXFileReference; fileEncoding = 4; lastKnownFileType = sourcecode.c.h; path = YBMainViewController.h; sourceTree = "<group>"; };
		8021D8181D5B06AA00FCE099 /* YBMainViewController.m */ = {isa = PBXFileReference; fileEncoding = 4; lastKnownFileType = sourcecode.c.objc; path = YBMainViewController.m; sourceTree = "<group>"; };
		80CD96B41D60D8C60043B2FC /* YBLoginController.h */ = {isa = PBXFileReference; fileEncoding = 4; lastKnownFileType = sourcecode.c.h; path = YBLoginController.h; sourceTree = "<group>"; };
		80CD96B51D60D8C60043B2FC /* YBLoginController.m */ = {isa = PBXFileReference; fileEncoding = 4; lastKnownFileType = sourcecode.c.objc; path = YBLoginController.m; sourceTree = "<group>"; };
		80CD96B91D60D9FD0043B2FC /* MASCompositeConstraint.h */ = {isa = PBXFileReference; fileEncoding = 4; lastKnownFileType = sourcecode.c.h; path = MASCompositeConstraint.h; sourceTree = "<group>"; };
		80CD96BA1D60D9FD0043B2FC /* MASCompositeConstraint.m */ = {isa = PBXFileReference; fileEncoding = 4; lastKnownFileType = sourcecode.c.objc; path = MASCompositeConstraint.m; sourceTree = "<group>"; };
		80CD96BB1D60D9FD0043B2FC /* MASConstraint+Private.h */ = {isa = PBXFileReference; fileEncoding = 4; lastKnownFileType = sourcecode.c.h; path = "MASConstraint+Private.h"; sourceTree = "<group>"; };
		80CD96BC1D60D9FD0043B2FC /* MASConstraint.h */ = {isa = PBXFileReference; fileEncoding = 4; lastKnownFileType = sourcecode.c.h; path = MASConstraint.h; sourceTree = "<group>"; };
		80CD96BD1D60D9FD0043B2FC /* MASConstraint.m */ = {isa = PBXFileReference; fileEncoding = 4; lastKnownFileType = sourcecode.c.objc; path = MASConstraint.m; sourceTree = "<group>"; };
		80CD96BE1D60D9FD0043B2FC /* MASConstraintMaker.h */ = {isa = PBXFileReference; fileEncoding = 4; lastKnownFileType = sourcecode.c.h; path = MASConstraintMaker.h; sourceTree = "<group>"; };
		80CD96BF1D60D9FD0043B2FC /* MASConstraintMaker.m */ = {isa = PBXFileReference; fileEncoding = 4; lastKnownFileType = sourcecode.c.objc; path = MASConstraintMaker.m; sourceTree = "<group>"; };
		80CD96C01D60D9FD0043B2FC /* MASLayoutConstraint.h */ = {isa = PBXFileReference; fileEncoding = 4; lastKnownFileType = sourcecode.c.h; path = MASLayoutConstraint.h; sourceTree = "<group>"; };
		80CD96C11D60D9FD0043B2FC /* MASLayoutConstraint.m */ = {isa = PBXFileReference; fileEncoding = 4; lastKnownFileType = sourcecode.c.objc; path = MASLayoutConstraint.m; sourceTree = "<group>"; };
		80CD96C21D60D9FD0043B2FC /* Masonry.h */ = {isa = PBXFileReference; fileEncoding = 4; lastKnownFileType = sourcecode.c.h; path = Masonry.h; sourceTree = "<group>"; };
		80CD96C31D60D9FD0043B2FC /* MASUtilities.h */ = {isa = PBXFileReference; fileEncoding = 4; lastKnownFileType = sourcecode.c.h; path = MASUtilities.h; sourceTree = "<group>"; };
		80CD96C41D60D9FD0043B2FC /* MASViewAttribute.h */ = {isa = PBXFileReference; fileEncoding = 4; lastKnownFileType = sourcecode.c.h; path = MASViewAttribute.h; sourceTree = "<group>"; };
		80CD96C51D60D9FD0043B2FC /* MASViewAttribute.m */ = {isa = PBXFileReference; fileEncoding = 4; lastKnownFileType = sourcecode.c.objc; path = MASViewAttribute.m; sourceTree = "<group>"; };
		80CD96C61D60D9FD0043B2FC /* MASViewConstraint.h */ = {isa = PBXFileReference; fileEncoding = 4; lastKnownFileType = sourcecode.c.h; path = MASViewConstraint.h; sourceTree = "<group>"; };
		80CD96C71D60D9FD0043B2FC /* MASViewConstraint.m */ = {isa = PBXFileReference; fileEncoding = 4; lastKnownFileType = sourcecode.c.objc; path = MASViewConstraint.m; sourceTree = "<group>"; };
		80CD96C81D60D9FD0043B2FC /* NSArray+MASAdditions.h */ = {isa = PBXFileReference; fileEncoding = 4; lastKnownFileType = sourcecode.c.h; path = "NSArray+MASAdditions.h"; sourceTree = "<group>"; };
		80CD96C91D60D9FD0043B2FC /* NSArray+MASAdditions.m */ = {isa = PBXFileReference; fileEncoding = 4; lastKnownFileType = sourcecode.c.objc; path = "NSArray+MASAdditions.m"; sourceTree = "<group>"; };
		80CD96CA1D60D9FD0043B2FC /* NSArray+MASShorthandAdditions.h */ = {isa = PBXFileReference; fileEncoding = 4; lastKnownFileType = sourcecode.c.h; path = "NSArray+MASShorthandAdditions.h"; sourceTree = "<group>"; };
		80CD96CB1D60D9FD0043B2FC /* NSLayoutConstraint+MASDebugAdditions.h */ = {isa = PBXFileReference; fileEncoding = 4; lastKnownFileType = sourcecode.c.h; path = "NSLayoutConstraint+MASDebugAdditions.h"; sourceTree = "<group>"; };
		80CD96CC1D60D9FD0043B2FC /* NSLayoutConstraint+MASDebugAdditions.m */ = {isa = PBXFileReference; fileEncoding = 4; lastKnownFileType = sourcecode.c.objc; path = "NSLayoutConstraint+MASDebugAdditions.m"; sourceTree = "<group>"; };
		80CD96CD1D60D9FD0043B2FC /* View+MASAdditions.h */ = {isa = PBXFileReference; fileEncoding = 4; lastKnownFileType = sourcecode.c.h; path = "View+MASAdditions.h"; sourceTree = "<group>"; };
		80CD96CE1D60D9FD0043B2FC /* View+MASAdditions.m */ = {isa = PBXFileReference; fileEncoding = 4; lastKnownFileType = sourcecode.c.objc; path = "View+MASAdditions.m"; sourceTree = "<group>"; };
		80CD96CF1D60D9FD0043B2FC /* View+MASShorthandAdditions.h */ = {isa = PBXFileReference; fileEncoding = 4; lastKnownFileType = sourcecode.c.h; path = "View+MASShorthandAdditions.h"; sourceTree = "<group>"; };
		80CD96D01D60D9FD0043B2FC /* ViewController+MASAdditions.h */ = {isa = PBXFileReference; fileEncoding = 4; lastKnownFileType = sourcecode.c.h; path = "ViewController+MASAdditions.h"; sourceTree = "<group>"; };
		80CD96D11D60D9FD0043B2FC /* ViewController+MASAdditions.m */ = {isa = PBXFileReference; fileEncoding = 4; lastKnownFileType = sourcecode.c.objc; path = "ViewController+MASAdditions.m"; sourceTree = "<group>"; };
/* End PBXFileReference section */

/* Begin PBXFrameworksBuildPhase section */
		8021D7E11D5AFFA100FCE099 /* Frameworks */ = {
			isa = PBXFrameworksBuildPhase;
			buildActionMask = 2147483647;
			files = (
			);
			runOnlyForDeploymentPostprocessing = 0;
		};
/* End PBXFrameworksBuildPhase section */

/* Begin PBXGroup section */
		8021D7DB1D5AFFA100FCE099 = {
			isa = PBXGroup;
			children = (
				8021D7E61D5AFFA100FCE099 /* YueBan */,
				8021D7E51D5AFFA100FCE099 /* Products */,
			);
			sourceTree = "<group>";
		};
		8021D7E51D5AFFA100FCE099 /* Products */ = {
			isa = PBXGroup;
			children = (
				8021D7E41D5AFFA100FCE099 /* YueBan.app */,
			);
			name = Products;
			sourceTree = "<group>";
		};
		8021D7E61D5AFFA100FCE099 /* YueBan */ = {
			isa = PBXGroup;
			children = (
				80CD96B71D60D9B30043B2FC /* lib */,
				80CD96B21D60D8A10043B2FC /* login */,
				8021D8141D5B068400FCE099 /* main */,
				8021D8011D5B026E00FCE099 /* other */,
				8021D8061D5B026E00FCE099 /* source */,
				8021D7F81D5AFFA100FCE099 /* Info.plist */,
				8021D80F1D5B02D400FCE099 /* main.m */,
				8021D7E71D5AFFA100FCE099 /* Supporting Files */,
			);
			path = YueBan;
			sourceTree = "<group>";
		};
		8021D7E71D5AFFA100FCE099 /* Supporting Files */ = {
			isa = PBXGroup;
			children = (
			);
			name = "Supporting Files";
			sourceTree = "<group>";
		};
		8021D8011D5B026E00FCE099 /* other */ = {
			isa = PBXGroup;
			children = (
				8021D8021D5B026E00FCE099 /* controller */,
				8021D8051D5B026E00FCE099 /* view */,
			);
			path = other;
			sourceTree = "<group>";
		};
		8021D8021D5B026E00FCE099 /* controller */ = {
			isa = PBXGroup;
			children = (
				8021D8031D5B026E00FCE099 /* YBNavController.h */,
				8021D8041D5B026E00FCE099 /* YBNavController.m */,
				8021D8111D5B036B00FCE099 /* YBTabBarController.h */,
				8021D8121D5B036B00FCE099 /* YBTabBarController.m */,
			);
			path = controller;
			sourceTree = "<group>";
		};
		8021D8051D5B026E00FCE099 /* view */ = {
			isa = PBXGroup;
			children = (
			);
			path = view;
			sourceTree = "<group>";
		};
		8021D8061D5B026E00FCE099 /* source */ = {
			isa = PBXGroup;
			children = (
				8021D7F31D5AFFA100FCE099 /* Assets.xcassets */,
				8021D8071D5B026E00FCE099 /* AppDelegate.h */,
				8021D8081D5B026E00FCE099 /* AppDelegate.m */,
			);
			path = source;
			sourceTree = "<group>";
		};
		8021D8141D5B068400FCE099 /* main */ = {
			isa = PBXGroup;
			children = (
				8021D8151D5B068400FCE099 /* controller */,
				8021D8161D5B068400FCE099 /* view */,
			);
			path = main;
			sourceTree = "<group>";
		};
		8021D8151D5B068400FCE099 /* controller */ = {
			isa = PBXGroup;
			children = (
				8021D8171D5B06AA00FCE099 /* YBMainViewController.h */,
				8021D8181D5B06AA00FCE099 /* YBMainViewController.m */,
			);
			path = controller;
			sourceTree = "<group>";
		};
		8021D8161D5B068400FCE099 /* view */ = {
			isa = PBXGroup;
			children = (
			);
			path = view;
			sourceTree = "<group>";
		};
		80CD96B21D60D8A10043B2FC /* login */ = {
			isa = PBXGroup;
			children = (
				80CD96B31D60D8A10043B2FC /* controller */,
			);
			path = login;
			sourceTree = "<group>";
		};
		80CD96B31D60D8A10043B2FC /* controller */ = {
			isa = PBXGroup;
			children = (
				80CD96B41D60D8C60043B2FC /* YBLoginController.h */,
				80CD96B51D60D8C60043B2FC /* YBLoginController.m */,
			);
			path = controller;
			sourceTree = "<group>";
		};
		80CD96B71D60D9B30043B2FC /* lib */ = {
			isa = PBXGroup;
			children = (
				80CD96B81D60D9FD0043B2FC /* Masonry */,
			);
			path = lib;
			sourceTree = "<group>";
		};
		80CD96B81D60D9FD0043B2FC /* Masonry */ = {
			isa = PBXGroup;
			children = (
				80CD96B91D60D9FD0043B2FC /* MASCompositeConstraint.h */,
				80CD96BA1D60D9FD0043B2FC /* MASCompositeConstraint.m */,
				80CD96BB1D60D9FD0043B2FC /* MASConstraint+Private.h */,
				80CD96BC1D60D9FD0043B2FC /* MASConstraint.h */,
				80CD96BD1D60D9FD0043B2FC /* MASConstraint.m */,
				80CD96BE1D60D9FD0043B2FC /* MASConstraintMaker.h */,
				80CD96BF1D60D9FD0043B2FC /* MASConstraintMaker.m */,
				80CD96C01D60D9FD0043B2FC /* MASLayoutConstraint.h */,
				80CD96C11D60D9FD0043B2FC /* MASLayoutConstraint.m */,
				80CD96C21D60D9FD0043B2FC /* Masonry.h */,
				80CD96C31D60D9FD0043B2FC /* MASUtilities.h */,
				80CD96C41D60D9FD0043B2FC /* MASViewAttribute.h */,
				80CD96C51D60D9FD0043B2FC /* MASViewAttribute.m */,
				80CD96C61D60D9FD0043B2FC /* MASViewConstraint.h */,
				80CD96C71D60D9FD0043B2FC /* MASViewConstraint.m */,
				80CD96C81D60D9FD0043B2FC /* NSArray+MASAdditions.h */,
				80CD96C91D60D9FD0043B2FC /* NSArray+MASAdditions.m */,
				80CD96CA1D60D9FD0043B2FC /* NSArray+MASShorthandAdditions.h */,
				80CD96CB1D60D9FD0043B2FC /* NSLayoutConstraint+MASDebugAdditions.h */,
				80CD96CC1D60D9FD0043B2FC /* NSLayoutConstraint+MASDebugAdditions.m */,
				80CD96CD1D60D9FD0043B2FC /* View+MASAdditions.h */,
				80CD96CE1D60D9FD0043B2FC /* View+MASAdditions.m */,
				80CD96CF1D60D9FD0043B2FC /* View+MASShorthandAdditions.h */,
				80CD96D01D60D9FD0043B2FC /* ViewController+MASAdditions.h */,
				80CD96D11D60D9FD0043B2FC /* ViewController+MASAdditions.m */,
			);
			path = Masonry;
			sourceTree = "<group>";
		};
/* End PBXGroup section */

/* Begin PBXNativeTarget section */
		8021D7E31D5AFFA100FCE099 /* YueBan */ = {
			isa = PBXNativeTarget;
			buildConfigurationList = 8021D7FB1D5AFFA100FCE099 /* Build configuration list for PBXNativeTarget "YueBan" */;
			buildPhases = (
				8021D7E01D5AFFA100FCE099 /* Sources */,
				8021D7E11D5AFFA100FCE099 /* Frameworks */,
				8021D7E21D5AFFA100FCE099 /* Resources */,
			);
			buildRules = (
			);
			dependencies = (
			);
			name = YueBan;
			productName = YueBan;
			productReference = 8021D7E41D5AFFA100FCE099 /* YueBan.app */;
			productType = "com.apple.product-type.application";
		};
/* End PBXNativeTarget section */

/* Begin PBXProject section */
		8021D7DC1D5AFFA100FCE099 /* Project object */ = {
			isa = PBXProject;
			attributes = {
				CLASSPREFIX = YB;
				LastUpgradeCheck = 0730;
				ORGANIZATIONNAME = etund;
				TargetAttributes = {
					8021D7E31D5AFFA100FCE099 = {
						CreatedOnToolsVersion = 7.3.1;
					};
				};
			};
			buildConfigurationList = 8021D7DF1D5AFFA100FCE099 /* Build configuration list for PBXProject "YueBan" */;
			compatibilityVersion = "Xcode 3.2";
			developmentRegion = English;
			hasScannedForEncodings = 0;
			knownRegions = (
				en,
				Base,
			);
			mainGroup = 8021D7DB1D5AFFA100FCE099;
			productRefGroup = 8021D7E51D5AFFA100FCE099 /* Products */;
			projectDirPath = "";
			projectRoot = "";
			targets = (
				8021D7E31D5AFFA100FCE099 /* YueBan */,
			);
		};
/* End PBXProject section */

/* Begin PBXResourcesBuildPhase section */
		8021D7E21D5AFFA100FCE099 /* Resources */ = {
			isa = PBXResourcesBuildPhase;
			buildActionMask = 2147483647;
			files = (
				8021D7F41D5AFFA100FCE099 /* Assets.xcassets in Resources */,
			);
			runOnlyForDeploymentPostprocessing = 0;
		};
/* End PBXResourcesBuildPhase section */

/* Begin PBXSourcesBuildPhase section */
		8021D7E01D5AFFA100FCE099 /* Sources */ = {
			isa = PBXSourcesBuildPhase;
			buildActionMask = 2147483647;
			files = (
				80CD96D31D60D9FD0043B2FC /* MASConstraint.m in Sources */,
				80CD96D61D60D9FD0043B2FC /* MASViewAttribute.m in Sources */,
				80CD96DB1D60D9FD0043B2FC /* ViewController+MASAdditions.m in Sources */,
				80CD96D81D60D9FD0043B2FC /* NSArray+MASAdditions.m in Sources */,
				8021D80A1D5B026E00FCE099 /* YBNavController.m in Sources */,
				80CD96D71D60D9FD0043B2FC /* MASViewConstraint.m in Sources */,
				80CD96D51D60D9FD0043B2FC /* MASLayoutConstraint.m in Sources */,
				8021D8101D5B02D400FCE099 /* main.m in Sources */,
				8021D8131D5B036B00FCE099 /* YBTabBarController.m in Sources */,
				80CD96DA1D60D9FD0043B2FC /* View+MASAdditions.m in Sources */,
				80CD96D21D60D9FD0043B2FC /* MASCompositeConstraint.m in Sources */,
				80CD96D91D60D9FD0043B2FC /* NSLayoutConstraint+MASDebugAdditions.m in Sources */,
				80CD96D41D60D9FD0043B2FC /* MASConstraintMaker.m in Sources */,
				8021D80B1D5B026E00FCE099 /* AppDelegate.m in Sources */,
				80CD96B61D60D8C60043B2FC /* YBLoginController.m in Sources */,
				8021D8191D5B06AA00FCE099 /* YBMainViewController.m in Sources */,
			);
			runOnlyForDeploymentPostprocessing = 0;
		};
/* End PBXSourcesBuildPhase section */

/* Begin XCBuildConfiguration section */
		8021D7F91D5AFFA100FCE099 /* Debug */ = {
			isa = XCBuildConfiguration;
			buildSettings = {
				ALWAYS_SEARCH_USER_PATHS = NO;
				CLANG_ANALYZER_NONNULL = YES;
				CLANG_CXX_LANGUAGE_STANDARD = "gnu++0x";
				CLANG_CXX_LIBRARY = "libc++";
				CLANG_ENABLE_MODULES = YES;
				CLANG_ENABLE_OBJC_ARC = YES;
				CLANG_WARN_BOOL_CONVERSION = YES;
				CLANG_WARN_CONSTANT_CONVERSION = YES;
				CLANG_WARN_DIRECT_OBJC_ISA_USAGE = YES_ERROR;
				CLANG_WARN_EMPTY_BODY = YES;
				CLANG_WARN_ENUM_CONVERSION = YES;
				CLANG_WARN_INT_CONVERSION = YES;
				CLANG_WARN_OBJC_ROOT_CLASS = YES_ERROR;
				CLANG_WARN_UNREACHABLE_CODE = YES;
				CLANG_WARN__DUPLICATE_METHOD_MATCH = YES;
				"CODE_SIGN_IDENTITY[sdk=iphoneos*]" = "iPhone Developer";
				COPY_PHASE_STRIP = NO;
				DEBUG_INFORMATION_FORMAT = dwarf;
				ENABLE_STRICT_OBJC_MSGSEND = YES;
				ENABLE_TESTABILITY = YES;
				GCC_C_LANGUAGE_STANDARD = gnu99;
				GCC_DYNAMIC_NO_PIC = NO;
				GCC_NO_COMMON_BLOCKS = YES;
				GCC_OPTIMIZATION_LEVEL = 0;
				GCC_PREPROCESSOR_DEFINITIONS = (
					"DEBUG=1",
					"$(inherited)",
				);
				GCC_WARN_64_TO_32_BIT_CONVERSION = YES;
				GCC_WARN_ABOUT_RETURN_TYPE = YES_ERROR;
				GCC_WARN_UNDECLARED_SELECTOR = YES;
				GCC_WARN_UNINITIALIZED_AUTOS = YES_AGGRESSIVE;
				GCC_WARN_UNUSED_FUNCTION = YES;
				GCC_WARN_UNUSED_VARIABLE = YES;
				IPHONEOS_DEPLOYMENT_TARGET = 9.3;
				MTL_ENABLE_DEBUG_INFO = YES;
				ONLY_ACTIVE_ARCH = YES;
				SDKROOT = iphoneos;
				TARGETED_DEVICE_FAMILY = "1,2";
			};
			name = Debug;
		};
		8021D7FA1D5AFFA100FCE099 /* Release */ = {
			isa = XCBuildConfiguration;
			buildSettings = {
				ALWAYS_SEARCH_USER_PATHS = NO;
				CLANG_ANALYZER_NONNULL = YES;
				CLANG_CXX_LANGUAGE_STANDARD = "gnu++0x";
				CLANG_CXX_LIBRARY = "libc++";
				CLANG_ENABLE_MODULES = YES;
				CLANG_ENABLE_OBJC_ARC = YES;
				CLANG_WARN_BOOL_CONVERSION = YES;
				CLANG_WARN_CONSTANT_CONVERSION = YES;
				CLANG_WARN_DIRECT_OBJC_ISA_USAGE = YES_ERROR;
				CLANG_WARN_EMPTY_BODY = YES;
				CLANG_WARN_ENUM_CONVERSION = YES;
				CLANG_WARN_INT_CONVERSION = YES;
				CLANG_WARN_OBJC_ROOT_CLASS = YES_ERROR;
				CLANG_WARN_UNREACHABLE_CODE = YES;
				CLANG_WARN__DUPLICATE_METHOD_MATCH = YES;
				"CODE_SIGN_IDENTITY[sdk=iphoneos*]" = "iPhone Developer";
				COPY_PHASE_STRIP = NO;
				DEBUG_INFORMATION_FORMAT = "dwarf-with-dsym";
				ENABLE_NS_ASSERTIONS = NO;
				ENABLE_STRICT_OBJC_MSGSEND = YES;
				GCC_C_LANGUAGE_STANDARD = gnu99;
				GCC_NO_COMMON_BLOCKS = YES;
				GCC_WARN_64_TO_32_BIT_CONVERSION = YES;
				GCC_WARN_ABOUT_RETURN_TYPE = YES_ERROR;
				GCC_WARN_UNDECLARED_SELECTOR = YES;
				GCC_WARN_UNINITIALIZED_AUTOS = YES_AGGRESSIVE;
				GCC_WARN_UNUSED_FUNCTION = YES;
				GCC_WARN_UNUSED_VARIABLE = YES;
				IPHONEOS_DEPLOYMENT_TARGET = 9.3;
				MTL_ENABLE_DEBUG_INFO = NO;
				SDKROOT = iphoneos;
				TARGETED_DEVICE_FAMILY = "1,2";
				VALIDATE_PRODUCT = YES;
			};
			name = Release;
		};
		8021D7FC1D5AFFA100FCE099 /* Debug */ = {
			isa = XCBuildConfiguration;
			buildSettings = {
				ASSETCATALOG_COMPILER_APPICON_NAME = AppIcon;
				INFOPLIST_FILE = YueBan/Info.plist;
				IPHONEOS_DEPLOYMENT_TARGET = 9.2;
				LD_RUNPATH_SEARCH_PATHS = "$(inherited) @executable_path/Frameworks";
				PRODUCT_BUNDLE_IDENTIFIER = com.tencent.etund.YueBan;
				PRODUCT_NAME = "$(TARGET_NAME)";
				TARGETED_DEVICE_FAMILY = "1,2";
			};
			name = Debug;
		};
		8021D7FD1D5AFFA100FCE099 /* Release */ = {
			isa = XCBuildConfiguration;
			buildSettings = {
				ASSETCATALOG_COMPILER_APPICON_NAME = AppIcon;
				INFOPLIST_FILE = YueBan/Info.plist;
				IPHONEOS_DEPLOYMENT_TARGET = 9.2;
				LD_RUNPATH_SEARCH_PATHS = "$(inherited) @executable_path/Frameworks";
				PRODUCT_BUNDLE_IDENTIFIER = com.tencent.etund.YueBan;
				PRODUCT_NAME = "$(TARGET_NAME)";
				TARGETED_DEVICE_FAMILY = "1,2";
			};
			name = Release;
		};
/* End XCBuildConfiguration section */

/* Begin XCConfigurationList section */
		8021D7DF1D5AFFA100FCE099 /* Build configuration list for PBXProject "YueBan" */ = {
			isa = XCConfigurationList;
			buildConfigurations = (
				8021D7F91D5AFFA100FCE099 /* Debug */,
				8021D7FA1D5AFFA100FCE099 /* Release */,
			);
			defaultConfigurationIsVisible = 0;
			defaultConfigurationName = Release;
		};
		8021D7FB1D5AFFA100FCE099 /* Build configuration list for PBXNativeTarget "YueBan" */ = {
			isa = XCConfigurationList;
			buildConfigurations = (
				8021D7FC1D5AFFA100FCE099 /* Debug */,
				8021D7FD1D5AFFA100FCE099 /* Release */,
			);
			defaultConfigurationIsVisible = 0;
			defaultConfigurationName = Release;
		};
/* End XCConfigurationList section */
	};
	rootObject = 8021D7DC1D5AFFA100FCE099 /* Project object */;
}
