// !$*UTF8*$!
{
	archiveVersion = 1;
	classes = {
	};
	objectVersion = 46;
	objects = {

/* Begin PBXBuildFile section */
		8021D7F41D5AFFA100FCE099 /* Assets.xcassets in Resources */ = {isa = PBXBuildFile; fileRef = 8021D7F31D5AFFA100FCE099 /* Assets.xcassets */; };
		8021D80A1D5B026E00FCE099 /* YBNavController.m in Sources */ = {isa = PBXBuildFile; fileRef = 8021D8041D5B026E00FCE099 /* YBNavController.m */; };
		8021D80B1D5B026E00FCE099 /* AppDelegate.m in Sources */ = {isa = PBXBuildFile; fileRef = 8021D8081D5B026E00FCE099 /* AppDelegate.m */; };
		8021D8101D5B02D400FCE099 /* main.m in Sources */ = {isa = PBXBuildFile; fileRef = 8021D80F1D5B02D400FCE099 /* main.m */; };
		8021D8131D5B036B00FCE099 /* YBTabBarController.m in Sources */ = {isa = PBXBuildFile; fileRef = 8021D8121D5B036B00FCE099 /* YBTabBarController.m */; };
		8021D8191D5B06AA00FCE099 /* YBMainViewController.m in Sources */ = {isa = PBXBuildFile; fileRef = 8021D8181D5B06AA00FCE099 /* YBMainViewController.m */; };
		80CD96B61D60D8C60043B2FC /* YBLoginController.m in Sources */ = {isa = PBXBuildFile; fileRef = 80CD96B51D60D8C60043B2FC /* YBLoginController.m */; };
		80CD96D21D60D9FD0043B2FC /* MASCompositeConstraint.m in Sources */ = {isa = PBXBuildFile; fileRef = 80CD96BA1D60D9FD0043B2FC /* MASCompositeConstraint.m */; };
		80CD96D31D60D9FD0043B2FC /* MASConstraint.m in Sources */ = {isa = PBXBuildFile; fileRef = 80CD96BD1D60D9FD0043B2FC /* MASConstraint.m */; };
		80CD96D41D60D9FD0043B2FC /* MASConstraintMaker.m in Sources */ = {isa = PBXBuildFile; fileRef = 80CD96BF1D60D9FD0043B2FC /* MASConstraintMaker.m */; };
		80CD96D51D60D9FD0043B2FC /* MASLayoutConstraint.m in Sources */ = {isa = PBXBuildFile; fileRef = 80CD96C11D60D9FD0043B2FC /* MASLayoutConstraint.m */; };
		80CD96D61D60D9FD0043B2FC /* MASViewAttribute.m in Sources */ = {isa = PBXBuildFile; fileRef = 80CD96C51D60D9FD0043B2FC /* MASViewAttribute.m */; };
		80CD96D71D60D9FD0043B2FC /* MASViewConstraint.m in Sources */ = {isa = PBXBuildFile; fileRef = 80CD96C71D60D9FD0043B2FC /* MASViewConstraint.m */; };
		80CD96D81D60D9FD0043B2FC /* NSArray+MASAdditions.m in Sources */ = {isa = PBXBuildFile; fileRef = 80CD96C91D60D9FD0043B2FC /* NSArray+MASAdditions.m */; };
		80CD96D91D60D9FD0043B2FC /* NSLayoutConstraint+MASDebugAdditions.m in Sources */ = {isa = PBXBuildFile; fileRef = 80CD96CC1D60D9FD0043B2FC /* NSLayoutConstraint+MASDebugAdditions.m */; };
		80CD96DA1D60D9FD0043B2FC /* View+MASAdditions.m in Sources */ = {isa = PBXBuildFile; fileRef = 80CD96CE1D60D9FD0043B2FC /* View+MASAdditions.m */; };
		80CD96DB1D60D9FD0043B2FC /* ViewController+MASAdditions.m in Sources */ = {isa = PBXBuildFile; fileRef = 80CD96D11D60D9FD0043B2FC /* ViewController+MASAdditions.m */; };
		80CD96DF1D61EC730043B2FC /* TencentOpenAPI.framework in Frameworks */ = {isa = PBXBuildFile; fileRef = 80CD96DE1D61EC730043B2FC /* TencentOpenAPI.framework */; };
		80CD96E71D61ECCD0043B2FC /* SystemConfiguration.framework in Frameworks */ = {isa = PBXBuildFile; fileRef = 80CD96E61D61ECCD0043B2FC /* SystemConfiguration.framework */; };
		80CD96EF1D61ED8E0043B2FC /* sdkCall.m in Sources */ = {isa = PBXBuildFile; fileRef = 80CD96EE1D61ED8E0043B2FC /* sdkCall.m */; };
		80CD96FB1D61EFD90043B2FC /* libc++.tbd in Frameworks */ = {isa = PBXBuildFile; fileRef = 80CD96EA1D61ECEA0043B2FC /* libc++.tbd */; };
		80CD96FE1D61F7220043B2FC /* YBDevice.m in Sources */ = {isa = PBXBuildFile; fileRef = 80CD96FD1D61F7220043B2FC /* YBDevice.m */; };
		80CD97191D61FB3F0043B2FC /* bkg.png in Resources */ = {isa = PBXBuildFile; fileRef = 80CD97001D61FB3F0043B2FC /* bkg.png */; };
		80CD971A1D61FB3F0043B2FC /* bkg0.png in Resources */ = {isa = PBXBuildFile; fileRef = 80CD97011D61FB3F0043B2FC /* bkg0.png */; };
		80CD971B1D61FB3F0043B2FC /* bubble1.png in Resources */ = {isa = PBXBuildFile; fileRef = 80CD97021D61FB3F0043B2FC /* bubble1.png */; };
		80CD971C1D61FB3F0043B2FC /* bubble2.png in Resources */ = {isa = PBXBuildFile; fileRef = 80CD97031D61FB3F0043B2FC /* bubble2.png */; };
		80CD971D1D61FB3F0043B2FC /* bubble3.png in Resources */ = {isa = PBXBuildFile; fileRef = 80CD97041D61FB3F0043B2FC /* bubble3.png */; };
		80CD971E1D61FB3F0043B2FC /* bubble4.png in Resources */ = {isa = PBXBuildFile; fileRef = 80CD97051D61FB3F0043B2FC /* bubble4.png */; };
		80CD971F1D61FB3F0043B2FC /* bubble5.png in Resources */ = {isa = PBXBuildFile; fileRef = 80CD97061D61FB3F0043B2FC /* bubble5.png */; };
		80CD97201D61FB3F0043B2FC /* buttonbkg.png in Resources */ = {isa = PBXBuildFile; fileRef = 80CD97071D61FB3F0043B2FC /* buttonbkg.png */; };
		80CD97211D61FB3F0043B2FC /* close.png in Resources */ = {isa = PBXBuildFile; fileRef = 80CD97081D61FB3F0043B2FC /* close.png */; };
		80CD97221D61FB3F0043B2FC /* defaultcover.png in Resources */ = {isa = PBXBuildFile; fileRef = 80CD97091D61FB3F0043B2FC /* defaultcover.png */; };
		80CD97231D61FB3F0043B2FC /* defaulticon.png in Resources */ = {isa = PBXBuildFile; fileRef = 80CD970A1D61FB3F0043B2FC /* defaulticon.png */; };
		80CD97241D61FB3F0043B2FC /* dislike.png in Resources */ = {isa = PBXBuildFile; fileRef = 80CD970B1D61FB3F0043B2FC /* dislike.png */; };
		80CD97251D61FB3F0043B2FC /* dropdown.png in Resources */ = {isa = PBXBuildFile; fileRef = 80CD970C1D61FB3F0043B2FC /* dropdown.png */; };
		80CD97261D61FB3F0043B2FC /* dropdownbkg.png in Resources */ = {isa = PBXBuildFile; fileRef = 80CD970D1D61FB3F0043B2FC /* dropdownbkg.png */; };
		80CD97271D61FB3F0043B2FC /* forward.png in Resources */ = {isa = PBXBuildFile; fileRef = 80CD970E1D61FB3F0043B2FC /* forward.png */; };
		80CD97281D61FB3F0043B2FC /* like.png in Resources */ = {isa = PBXBuildFile; fileRef = 80CD970F1D61FB3F0043B2FC /* like.png */; };
		80CD97291D61FB3F0043B2FC /* Line.png in Resources */ = {isa = PBXBuildFile; fileRef = 80CD97101D61FB3F0043B2FC /* Line.png */; };
		80CD972A1D61FB3F0043B2FC /* personalcenterbkg.png in Resources */ = {isa = PBXBuildFile; fileRef = 80CD97111D61FB3F0043B2FC /* personalcenterbkg.png */; };
		80CD972B1D61FB3F0043B2FC /* playlists.png in Resources */ = {isa = PBXBuildFile; fileRef = 80CD97121D61FB3F0043B2FC /* playlists.png */; };
		80CD972C1D61FB3F0043B2FC /* return.png in Resources */ = {isa = PBXBuildFile; fileRef = 80CD97131D61FB3F0043B2FC /* return.png */; };
		80CD972D1D61FB3F0043B2FC /* slider.png in Resources */ = {isa = PBXBuildFile; fileRef = 80CD97141D61FB3F0043B2FC /* slider.png */; };
		80CD972E1D61FB3F0043B2FC /* songcover.png in Resources */ = {isa = PBXBuildFile; fileRef = 80CD97151D61FB3F0043B2FC /* songcover.png */; };
		80CD972F1D61FB3F0043B2FC /* statusbar.png in Resources */ = {isa = PBXBuildFile; fileRef = 80CD97161D61FB3F0043B2FC /* statusbar.png */; };
		80CD97301D61FB3F0043B2FC /* statusbar0.png in Resources */ = {isa = PBXBuildFile; fileRef = 80CD97171D61FB3F0043B2FC /* statusbar0.png */; };
		80CD97311D61FB3F0043B2FC /* usericon.png in Resources */ = {isa = PBXBuildFile; fileRef = 80CD97181D61FB3F0043B2FC /* usericon.png */; };
		80CD974C1D61FB4E0043B2FC /* PlayerStatusBarView.m in Sources */ = {isa = PBXBuildFile; fileRef = 80CD97341D61FB4E0043B2FC /* PlayerStatusBarView.m */; };
		80CD974D1D61FB4E0043B2FC /* YueBanAudioPlayer.m in Sources */ = {isa = PBXBuildFile; fileRef = 80CD97361D61FB4E0043B2FC /* YueBanAudioPlayer.m */; };
		80CD974E1D61FB4E0043B2FC /* YueBanPlayerViewController.m in Sources */ = {isa = PBXBuildFile; fileRef = 80CD97381D61FB4E0043B2FC /* YueBanPlayerViewController.m */; };
		80CD974F1D61FB4E0043B2FC /* BubbleItemView.m in Sources */ = {isa = PBXBuildFile; fileRef = 80CD973B1D61FB4E0043B2FC /* BubbleItemView.m */; };
		80CD97501D61FB4E0043B2FC /* DropDownItemView.m in Sources */ = {isa = PBXBuildFile; fileRef = 80CD973D1D61FB4E0043B2FC /* DropDownItemView.m */; };
		80CD97511D61FB4E0043B2FC /* YueBanDropDownView.m in Sources */ = {isa = PBXBuildFile; fileRef = 80CD973F1D61FB4E0043B2FC /* YueBanDropDownView.m */; };
		80CD97521D61FB4E0043B2FC /* YueBanMainViewController.m in Sources */ = {isa = PBXBuildFile; fileRef = 80CD97411D61FB4E0043B2FC /* YueBanMainViewController.m */; };
		80CD97531D61FB4E0043B2FC /* PersonalCenterBubbleTableViewCell.m in Sources */ = {isa = PBXBuildFile; fileRef = 80CD97441D61FB4E0043B2FC /* PersonalCenterBubbleTableViewCell.m */; };
		80CD97541D61FB4E0043B2FC /* PersonalCenterHeadView.m in Sources */ = {isa = PBXBuildFile; fileRef = 80CD97461D61FB4E0043B2FC /* PersonalCenterHeadView.m */; };
		80CD97551D61FB4E0043B2FC /* PersonalCenterTableViewController.m in Sources */ = {isa = PBXBuildFile; fileRef = 80CD97481D61FB4E0043B2FC /* PersonalCenterTableViewController.m */; };
		80CD97561D61FB4E0043B2FC /* YBProtocol.m in Sources */ = {isa = PBXBuildFile; fileRef = 80CD974B1D61FB4E0043B2FC /* YBProtocol.m */; };
/* End PBXBuildFile section */

/* Begin PBXFileReference section */
		8021D7E41D5AFFA100FCE099 /* YueBan.app */ = {isa = PBXFileReference; explicitFileType = wrapper.application; includeInIndex = 0; path = YueBan.app; sourceTree = BUILT_PRODUCTS_DIR; };
		8021D7F31D5AFFA100FCE099 /* Assets.xcassets */ = {isa = PBXFileReference; lastKnownFileType = folder.assetcatalog; name = Assets.xcassets; path = ../Assets.xcassets; sourceTree = "<group>"; };
		8021D7F81D5AFFA100FCE099 /* Info.plist */ = {isa = PBXFileReference; lastKnownFileType = text.plist.xml; path = Info.plist; sourceTree = "<group>"; };
		8021D8031D5B026E00FCE099 /* YBNavController.h */ = {isa = PBXFileReference; fileEncoding = 4; lastKnownFileType = sourcecode.c.h; path = YBNavController.h; sourceTree = "<group>"; };
		8021D8041D5B026E00FCE099 /* YBNavController.m */ = {isa = PBXFileReference; fileEncoding = 4; lastKnownFileType = sourcecode.c.objc; path = YBNavController.m; sourceTree = "<group>"; };
		8021D8071D5B026E00FCE099 /* AppDelegate.h */ = {isa = PBXFileReference; fileEncoding = 4; lastKnownFileType = sourcecode.c.h; path = AppDelegate.h; sourceTree = "<group>"; };
		8021D8081D5B026E00FCE099 /* AppDelegate.m */ = {isa = PBXFileReference; fileEncoding = 4; lastKnownFileType = sourcecode.c.objc; path = AppDelegate.m; sourceTree = "<group>"; };
		8021D80F1D5B02D400FCE099 /* main.m */ = {isa = PBXFileReference; fileEncoding = 4; lastKnownFileType = sourcecode.c.objc; path = main.m; sourceTree = "<group>"; };
		8021D8111D5B036B00FCE099 /* YBTabBarController.h */ = {isa = PBXFileReference; fileEncoding = 4; lastKnownFileType = sourcecode.c.h; path = YBTabBarController.h; sourceTree = "<group>"; };
		8021D8121D5B036B00FCE099 /* YBTabBarController.m */ = {isa = PBXFileReference; fileEncoding = 4; lastKnownFileType = sourcecode.c.objc; path = YBTabBarController.m; sourceTree = "<group>"; };
		8021D8171D5B06AA00FCE099 /* YBMainViewController.h */ = {isa = PBXFileReference; fileEncoding = 4; lastKnownFileType = sourcecode.c.h; path = YBMainViewController.h; sourceTree = "<group>"; };
		8021D8181D5B06AA00FCE099 /* YBMainViewController.m */ = {isa = PBXFileReference; fileEncoding = 4; lastKnownFileType = sourcecode.c.objc; path = YBMainViewController.m; sourceTree = "<group>"; };
		80CD96B41D60D8C60043B2FC /* YBLoginController.h */ = {isa = PBXFileReference; fileEncoding = 4; lastKnownFileType = sourcecode.c.h; path = YBLoginController.h; sourceTree = "<group>"; };
		80CD96B51D60D8C60043B2FC /* YBLoginController.m */ = {isa = PBXFileReference; fileEncoding = 4; lastKnownFileType = sourcecode.c.objc; path = YBLoginController.m; sourceTree = "<group>"; };
		80CD96B91D60D9FD0043B2FC /* MASCompositeConstraint.h */ = {isa = PBXFileReference; fileEncoding = 4; lastKnownFileType = sourcecode.c.h; path = MASCompositeConstraint.h; sourceTree = "<group>"; };
		80CD96BA1D60D9FD0043B2FC /* MASCompositeConstraint.m */ = {isa = PBXFileReference; fileEncoding = 4; lastKnownFileType = sourcecode.c.objc; path = MASCompositeConstraint.m; sourceTree = "<group>"; };
		80CD96BB1D60D9FD0043B2FC /* MASConstraint+Private.h */ = {isa = PBXFileReference; fileEncoding = 4; lastKnownFileType = sourcecode.c.h; path = "MASConstraint+Private.h"; sourceTree = "<group>"; };
		80CD96BC1D60D9FD0043B2FC /* MASConstraint.h */ = {isa = PBXFileReference; fileEncoding = 4; lastKnownFileType = sourcecode.c.h; path = MASConstraint.h; sourceTree = "<group>"; };
		80CD96BD1D60D9FD0043B2FC /* MASConstraint.m */ = {isa = PBXFileReference; fileEncoding = 4; lastKnownFileType = sourcecode.c.objc; path = MASConstraint.m; sourceTree = "<group>"; };
		80CD96BE1D60D9FD0043B2FC /* MASConstraintMaker.h */ = {isa = PBXFileReference; fileEncoding = 4; lastKnownFileType = sourcecode.c.h; path = MASConstraintMaker.h; sourceTree = "<group>"; };
		80CD96BF1D60D9FD0043B2FC /* MASConstraintMaker.m */ = {isa = PBXFileReference; fileEncoding = 4; lastKnownFileType = sourcecode.c.objc; path = MASConstraintMaker.m; sourceTree = "<group>"; };
		80CD96C01D60D9FD0043B2FC /* MASLayoutConstraint.h */ = {isa = PBXFileReference; fileEncoding = 4; lastKnownFileType = sourcecode.c.h; path = MASLayoutConstraint.h; sourceTree = "<group>"; };
		80CD96C11D60D9FD0043B2FC /* MASLayoutConstraint.m */ = {isa = PBXFileReference; fileEncoding = 4; lastKnownFileType = sourcecode.c.objc; path = MASLayoutConstraint.m; sourceTree = "<group>"; };
		80CD96C21D60D9FD0043B2FC /* Masonry.h */ = {isa = PBXFileReference; fileEncoding = 4; lastKnownFileType = sourcecode.c.h; path = Masonry.h; sourceTree = "<group>"; };
		80CD96C31D60D9FD0043B2FC /* MASUtilities.h */ = {isa = PBXFileReference; fileEncoding = 4; lastKnownFileType = sourcecode.c.h; path = MASUtilities.h; sourceTree = "<group>"; };
		80CD96C41D60D9FD0043B2FC /* MASViewAttribute.h */ = {isa = PBXFileReference; fileEncoding = 4; lastKnownFileType = sourcecode.c.h; path = MASViewAttribute.h; sourceTree = "<group>"; };
		80CD96C51D60D9FD0043B2FC /* MASViewAttribute.m */ = {isa = PBXFileReference; fileEncoding = 4; lastKnownFileType = sourcecode.c.objc; path = MASViewAttribute.m; sourceTree = "<group>"; };
		80CD96C61D60D9FD0043B2FC /* MASViewConstraint.h */ = {isa = PBXFileReference; fileEncoding = 4; lastKnownFileType = sourcecode.c.h; path = MASViewConstraint.h; sourceTree = "<group>"; };
		80CD96C71D60D9FD0043B2FC /* MASViewConstraint.m */ = {isa = PBXFileReference; fileEncoding = 4; lastKnownFileType = sourcecode.c.objc; path = MASViewConstraint.m; sourceTree = "<group>"; };
		80CD96C81D60D9FD0043B2FC /* NSArray+MASAdditions.h */ = {isa = PBXFileReference; fileEncoding = 4; lastKnownFileType = sourcecode.c.h; path = "NSArray+MASAdditions.h"; sourceTree = "<group>"; };
		80CD96C91D60D9FD0043B2FC /* NSArray+MASAdditions.m */ = {isa = PBXFileReference; fileEncoding = 4; lastKnownFileType = sourcecode.c.objc; path = "NSArray+MASAdditions.m"; sourceTree = "<group>"; };
		80CD96CA1D60D9FD0043B2FC /* NSArray+MASShorthandAdditions.h */ = {isa = PBXFileReference; fileEncoding = 4; lastKnownFileType = sourcecode.c.h; path = "NSArray+MASShorthandAdditions.h"; sourceTree = "<group>"; };
		80CD96CB1D60D9FD0043B2FC /* NSLayoutConstraint+MASDebugAdditions.h */ = {isa = PBXFileReference; fileEncoding = 4; lastKnownFileType = sourcecode.c.h; path = "NSLayoutConstraint+MASDebugAdditions.h"; sourceTree = "<group>"; };
		80CD96CC1D60D9FD0043B2FC /* NSLayoutConstraint+MASDebugAdditions.m */ = {isa = PBXFileReference; fileEncoding = 4; lastKnownFileType = sourcecode.c.objc; path = "NSLayoutConstraint+MASDebugAdditions.m"; sourceTree = "<group>"; };
		80CD96CD1D60D9FD0043B2FC /* View+MASAdditions.h */ = {isa = PBXFileReference; fileEncoding = 4; lastKnownFileType = sourcecode.c.h; path = "View+MASAdditions.h"; sourceTree = "<group>"; };
		80CD96CE1D60D9FD0043B2FC /* View+MASAdditions.m */ = {isa = PBXFileReference; fileEncoding = 4; lastKnownFileType = sourcecode.c.objc; path = "View+MASAdditions.m"; sourceTree = "<group>"; };
		80CD96CF1D60D9FD0043B2FC /* View+MASShorthandAdditions.h */ = {isa = PBXFileReference; fileEncoding = 4; lastKnownFileType = sourcecode.c.h; path = "View+MASShorthandAdditions.h"; sourceTree = "<group>"; };
		80CD96D01D60D9FD0043B2FC /* ViewController+MASAdditions.h */ = {isa = PBXFileReference; fileEncoding = 4; lastKnownFileType = sourcecode.c.h; path = "ViewController+MASAdditions.h"; sourceTree = "<group>"; };
		80CD96D11D60D9FD0043B2FC /* ViewController+MASAdditions.m */ = {isa = PBXFileReference; fileEncoding = 4; lastKnownFileType = sourcecode.c.objc; path = "ViewController+MASAdditions.m"; sourceTree = "<group>"; };
		80CD96DE1D61EC730043B2FC /* TencentOpenAPI.framework */ = {isa = PBXFileReference; lastKnownFileType = wrapper.framework; name = TencentOpenAPI.framework; path = ../TencentOpenAPI.framework; sourceTree = "<group>"; };
		80CD96E11D61ECA50043B2FC /* QQApiInterface.h */ = {isa = PBXFileReference; fileEncoding = 4; lastKnownFileType = sourcecode.c.h; path = QQApiInterface.h; sourceTree = "<group>"; };
		80CD96E21D61ECA50043B2FC /* QQApiInterfaceObject.h */ = {isa = PBXFileReference; fileEncoding = 4; lastKnownFileType = sourcecode.c.h; path = QQApiInterfaceObject.h; sourceTree = "<group>"; };
		80CD96E31D61ECA50043B2FC /* sdkdef.h */ = {isa = PBXFileReference; fileEncoding = 4; lastKnownFileType = sourcecode.c.h; path = sdkdef.h; sourceTree = "<group>"; };
		80CD96E41D61ECA50043B2FC /* TencentOAuth.h */ = {isa = PBXFileReference; fileEncoding = 4; lastKnownFileType = sourcecode.c.h; path = TencentOAuth.h; sourceTree = "<group>"; };
		80CD96E51D61ECA50043B2FC /* TencentOAuthObject.h */ = {isa = PBXFileReference; fileEncoding = 4; lastKnownFileType = sourcecode.c.h; path = TencentOAuthObject.h; sourceTree = "<group>"; };
		80CD96E61D61ECCD0043B2FC /* SystemConfiguration.framework */ = {isa = PBXFileReference; lastKnownFileType = wrapper.framework; name = SystemConfiguration.framework; path = System/Library/Frameworks/SystemConfiguration.framework; sourceTree = SDKROOT; };
		80CD96E81D61ECD80043B2FC /* libz.tbd */ = {isa = PBXFileReference; lastKnownFileType = "sourcecode.text-based-dylib-definition"; name = libz.tbd; path = usr/lib/libz.tbd; sourceTree = SDKROOT; };
		80CD96EA1D61ECEA0043B2FC /* libc++.tbd */ = {isa = PBXFileReference; lastKnownFileType = "sourcecode.text-based-dylib-definition"; name = "libc++.tbd"; path = "usr/lib/libc++.tbd"; sourceTree = SDKROOT; };
		80CD96ED1D61ED8E0043B2FC /* sdkCall.h */ = {isa = PBXFileReference; fileEncoding = 4; lastKnownFileType = sourcecode.c.h; name = sdkCall.h; path = ../sdkCall.h; sourceTree = "<group>"; };
		80CD96EE1D61ED8E0043B2FC /* sdkCall.m */ = {isa = PBXFileReference; fileEncoding = 4; lastKnownFileType = sourcecode.c.objc; name = sdkCall.m; path = ../sdkCall.m; sourceTree = "<group>"; };
		80CD96F01D61EDAF0043B2FC /* sdkDef.h */ = {isa = PBXFileReference; fileEncoding = 4; lastKnownFileType = sourcecode.c.h; name = sdkDef.h; path = ../sdkDef.h; sourceTree = "<group>"; };
		80CD96F11D61EECB0043B2FC /* CoreTelephony.framework */ = {isa = PBXFileReference; lastKnownFileType = wrapper.framework; name = CoreTelephony.framework; path = System/Library/Frameworks/CoreTelephony.framework; sourceTree = SDKROOT; };
		80CD96F31D61EEDA0043B2FC /* libsqlite3.tbd */ = {isa = PBXFileReference; lastKnownFileType = "sourcecode.text-based-dylib-definition"; name = libsqlite3.tbd; path = usr/lib/libsqlite3.tbd; sourceTree = SDKROOT; };
		80CD96F51D61EF460043B2FC /* libstdc++.tbd */ = {isa = PBXFileReference; lastKnownFileType = "sourcecode.text-based-dylib-definition"; name = "libstdc++.tbd"; path = "usr/lib/libstdc++.tbd"; sourceTree = SDKROOT; };
		80CD96F71D61EF5E0043B2FC /* CoreLocation.framework */ = {isa = PBXFileReference; lastKnownFileType = wrapper.framework; name = CoreLocation.framework; path = System/Library/Frameworks/CoreLocation.framework; sourceTree = SDKROOT; };
		80CD96F91D61EF6B0043B2FC /* CoreFoundation.framework */ = {isa = PBXFileReference; lastKnownFileType = wrapper.framework; name = CoreFoundation.framework; path = System/Library/Frameworks/CoreFoundation.framework; sourceTree = SDKROOT; };
		80CD96FC1D61F7220043B2FC /* YBDevice.h */ = {isa = PBXFileReference; fileEncoding = 4; lastKnownFileType = sourcecode.c.h; path = YBDevice.h; sourceTree = "<group>"; };
		80CD96FD1D61F7220043B2FC /* YBDevice.m */ = {isa = PBXFileReference; fileEncoding = 4; lastKnownFileType = sourcecode.c.objc; path = YBDevice.m; sourceTree = "<group>"; };
		80CD97001D61FB3F0043B2FC /* bkg.png */ = {isa = PBXFileReference; lastKnownFileType = image.png; path = bkg.png; sourceTree = "<group>"; };
		80CD97011D61FB3F0043B2FC /* bkg0.png */ = {isa = PBXFileReference; lastKnownFileType = image.png; path = bkg0.png; sourceTree = "<group>"; };
		80CD97021D61FB3F0043B2FC /* bubble1.png */ = {isa = PBXFileReference; lastKnownFileType = image.png; path = bubble1.png; sourceTree = "<group>"; };
		80CD97031D61FB3F0043B2FC /* bubble2.png */ = {isa = PBXFileReference; lastKnownFileType = image.png; path = bubble2.png; sourceTree = "<group>"; };
		80CD97041D61FB3F0043B2FC /* bubble3.png */ = {isa = PBXFileReference; lastKnownFileType = image.png; path = bubble3.png; sourceTree = "<group>"; };
		80CD97051D61FB3F0043B2FC /* bubble4.png */ = {isa = PBXFileReference; lastKnownFileType = image.png; path = bubble4.png; sourceTree = "<group>"; };
		80CD97061D61FB3F0043B2FC /* bubble5.png */ = {isa = PBXFileReference; lastKnownFileType = image.png; path = bubble5.png; sourceTree = "<group>"; };
		80CD97071D61FB3F0043B2FC /* buttonbkg.png */ = {isa = PBXFileReference; lastKnownFileType = image.png; path = buttonbkg.png; sourceTree = "<group>"; };
		80CD97081D61FB3F0043B2FC /* close.png */ = {isa = PBXFileReference; lastKnownFileType = image.png; path = close.png; sourceTree = "<group>"; };
		80CD97091D61FB3F0043B2FC /* defaultcover.png */ = {isa = PBXFileReference; lastKnownFileType = image.png; path = defaultcover.png; sourceTree = "<group>"; };
		80CD970A1D61FB3F0043B2FC /* defaulticon.png */ = {isa = PBXFileReference; lastKnownFileType = image.png; path = defaulticon.png; sourceTree = "<group>"; };
		80CD970B1D61FB3F0043B2FC /* dislike.png */ = {isa = PBXFileReference; lastKnownFileType = image.png; path = dislike.png; sourceTree = "<group>"; };
		80CD970C1D61FB3F0043B2FC /* dropdown.png */ = {isa = PBXFileReference; lastKnownFileType = image.png; path = dropdown.png; sourceTree = "<group>"; };
		80CD970D1D61FB3F0043B2FC /* dropdownbkg.png */ = {isa = PBXFileReference; lastKnownFileType = image.png; path = dropdownbkg.png; sourceTree = "<group>"; };
		80CD970E1D61FB3F0043B2FC /* forward.png */ = {isa = PBXFileReference; lastKnownFileType = image.png; path = forward.png; sourceTree = "<group>"; };
		80CD970F1D61FB3F0043B2FC /* like.png */ = {isa = PBXFileReference; lastKnownFileType = image.png; path = like.png; sourceTree = "<group>"; };
		80CD97101D61FB3F0043B2FC /* Line.png */ = {isa = PBXFileReference; lastKnownFileType = image.png; path = Line.png; sourceTree = "<group>"; };
		80CD97111D61FB3F0043B2FC /* personalcenterbkg.png */ = {isa = PBXFileReference; lastKnownFileType = image.png; path = personalcenterbkg.png; sourceTree = "<group>"; };
		80CD97121D61FB3F0043B2FC /* playlists.png */ = {isa = PBXFileReference; lastKnownFileType = image.png; path = playlists.png; sourceTree = "<group>"; };
		80CD97131D61FB3F0043B2FC /* return.png */ = {isa = PBXFileReference; lastKnownFileType = image.png; path = return.png; sourceTree = "<group>"; };
		80CD97141D61FB3F0043B2FC /* slider.png */ = {isa = PBXFileReference; lastKnownFileType = image.png; path = slider.png; sourceTree = "<group>"; };
		80CD97151D61FB3F0043B2FC /* songcover.png */ = {isa = PBXFileReference; lastKnownFileType = image.png; path = songcover.png; sourceTree = "<group>"; };
		80CD97161D61FB3F0043B2FC /* statusbar.png */ = {isa = PBXFileReference; lastKnownFileType = image.png; path = statusbar.png; sourceTree = "<group>"; };
		80CD97171D61FB3F0043B2FC /* statusbar0.png */ = {isa = PBXFileReference; lastKnownFileType = image.png; path = statusbar0.png; sourceTree = "<group>"; };
		80CD97181D61FB3F0043B2FC /* usericon.png */ = {isa = PBXFileReference; lastKnownFileType = image.png; path = usericon.png; sourceTree = "<group>"; };
		80CD97331D61FB4E0043B2FC /* PlayerStatusBarView.h */ = {isa = PBXFileReference; fileEncoding = 4; lastKnownFileType = sourcecode.c.h; path = PlayerStatusBarView.h; sourceTree = "<group>"; };
		80CD97341D61FB4E0043B2FC /* PlayerStatusBarView.m */ = {isa = PBXFileReference; fileEncoding = 4; lastKnownFileType = sourcecode.c.objc; path = PlayerStatusBarView.m; sourceTree = "<group>"; };
		80CD97351D61FB4E0043B2FC /* YueBanAudioPlayer.h */ = {isa = PBXFileReference; fileEncoding = 4; lastKnownFileType = sourcecode.c.h; path = YueBanAudioPlayer.h; sourceTree = "<group>"; };
		80CD97361D61FB4E0043B2FC /* YueBanAudioPlayer.m */ = {isa = PBXFileReference; fileEncoding = 4; lastKnownFileType = sourcecode.c.objc; path = YueBanAudioPlayer.m; sourceTree = "<group>"; };
		80CD97371D61FB4E0043B2FC /* YueBanPlayerViewController.h */ = {isa = PBXFileReference; fileEncoding = 4; lastKnownFileType = sourcecode.c.h; path = YueBanPlayerViewController.h; sourceTree = "<group>"; };
		80CD97381D61FB4E0043B2FC /* YueBanPlayerViewController.m */ = {isa = PBXFileReference; fileEncoding = 4; lastKnownFileType = sourcecode.c.objc; path = YueBanPlayerViewController.m; sourceTree = "<group>"; };
		80CD973A1D61FB4E0043B2FC /* BubbleItemView.h */ = {isa = PBXFileReference; fileEncoding = 4; lastKnownFileType = sourcecode.c.h; path = BubbleItemView.h; sourceTree = "<group>"; };
		80CD973B1D61FB4E0043B2FC /* BubbleItemView.m */ = {isa = PBXFileReference; fileEncoding = 4; lastKnownFileType = sourcecode.c.objc; path = BubbleItemView.m; sourceTree = "<group>"; };
		80CD973C1D61FB4E0043B2FC /* DropDownItemView.h */ = {isa = PBXFileReference; fileEncoding = 4; lastKnownFileType = sourcecode.c.h; path = DropDownItemView.h; sourceTree = "<group>"; };
		80CD973D1D61FB4E0043B2FC /* DropDownItemView.m */ = {isa = PBXFileReference; fileEncoding = 4; lastKnownFileType = sourcecode.c.objc; path = DropDownItemView.m; sourceTree = "<group>"; };
		80CD973E1D61FB4E0043B2FC /* YueBanDropDownView.h */ = {isa = PBXFileReference; fileEncoding = 4; lastKnownFileType = sourcecode.c.h; path = YueBanDropDownView.h; sourceTree = "<group>"; };
		80CD973F1D61FB4E0043B2FC /* YueBanDropDownView.m */ = {isa = PBXFileReference; fileEncoding = 4; lastKnownFileType = sourcecode.c.objc; path = YueBanDropDownView.m; sourceTree = "<group>"; };
		80CD97401D61FB4E0043B2FC /* YueBanMainViewController.h */ = {isa = PBXFileReference; fileEncoding = 4; lastKnownFileType = sourcecode.c.h; path = YueBanMainViewController.h; sourceTree = "<group>"; };
		80CD97411D61FB4E0043B2FC /* YueBanMainViewController.m */ = {isa = PBXFileReference; fileEncoding = 4; lastKnownFileType = sourcecode.c.objc; path = YueBanMainViewController.m; sourceTree = "<group>"; };
		80CD97431D61FB4E0043B2FC /* PersonalCenterBubbleTableViewCell.h */ = {isa = PBXFileReference; fileEncoding = 4; lastKnownFileType = sourcecode.c.h; path = PersonalCenterBubbleTableViewCell.h; sourceTree = "<group>"; };
		80CD97441D61FB4E0043B2FC /* PersonalCenterBubbleTableViewCell.m */ = {isa = PBXFileReference; fileEncoding = 4; lastKnownFileType = sourcecode.c.objc; path = PersonalCenterBubbleTableViewCell.m; sourceTree = "<group>"; };
		80CD97451D61FB4E0043B2FC /* PersonalCenterHeadView.h */ = {isa = PBXFileReference; fileEncoding = 4; lastKnownFileType = sourcecode.c.h; path = PersonalCenterHeadView.h; sourceTree = "<group>"; };
		80CD97461D61FB4E0043B2FC /* PersonalCenterHeadView.m */ = {isa = PBXFileReference; fileEncoding = 4; lastKnownFileType = sourcecode.c.objc; path = PersonalCenterHeadView.m; sourceTree = "<group>"; };
		80CD97471D61FB4E0043B2FC /* PersonalCenterTableViewController.h */ = {isa = PBXFileReference; fileEncoding = 4; lastKnownFileType = sourcecode.c.h; path = PersonalCenterTableViewController.h; sourceTree = "<group>"; };
		80CD97481D61FB4E0043B2FC /* PersonalCenterTableViewController.m */ = {isa = PBXFileReference; fileEncoding = 4; lastKnownFileType = sourcecode.c.objc; path = PersonalCenterTableViewController.m; sourceTree = "<group>"; };
		80CD974A1D61FB4E0043B2FC /* YBProtocol.h */ = {isa = PBXFileReference; fileEncoding = 4; lastKnownFileType = sourcecode.c.h; path = YBProtocol.h; sourceTree = "<group>"; };
		80CD974B1D61FB4E0043B2FC /* YBProtocol.m */ = {isa = PBXFileReference; fileEncoding = 4; lastKnownFileType = sourcecode.c.objc; path = YBProtocol.m; sourceTree = "<group>"; };
/* End PBXFileReference section */

/* Begin PBXFrameworksBuildPhase section */
		8021D7E11D5AFFA100FCE099 /* Frameworks */ = {
			isa = PBXFrameworksBuildPhase;
			buildActionMask = 2147483647;
			files = (
				80CD96FB1D61EFD90043B2FC /* libc++.tbd in Frameworks */,
				80CD96E71D61ECCD0043B2FC /* SystemConfiguration.framework in Frameworks */,
				80CD96DF1D61EC730043B2FC /* TencentOpenAPI.framework in Frameworks */,
			);
			runOnlyForDeploymentPostprocessing = 0;
		};
/* End PBXFrameworksBuildPhase section */

/* Begin PBXGroup section */
		8021D7DB1D5AFFA100FCE099 = {
			isa = PBXGroup;
			children = (
				80CD96F91D61EF6B0043B2FC /* CoreFoundation.framework */,
				80CD96F71D61EF5E0043B2FC /* CoreLocation.framework */,
				80CD96F51D61EF460043B2FC /* libstdc++.tbd */,
				80CD96F31D61EEDA0043B2FC /* libsqlite3.tbd */,
				80CD96F11D61EECB0043B2FC /* CoreTelephony.framework */,
				80CD96EA1D61ECEA0043B2FC /* libc++.tbd */,
				80CD96E81D61ECD80043B2FC /* libz.tbd */,
				80CD96E61D61ECCD0043B2FC /* SystemConfiguration.framework */,
				8021D7E61D5AFFA100FCE099 /* YueBan */,
				8021D7E51D5AFFA100FCE099 /* Products */,
			);
			sourceTree = "<group>";
		};
		8021D7E51D5AFFA100FCE099 /* Products */ = {
			isa = PBXGroup;
			children = (
				8021D7E41D5AFFA100FCE099 /* YueBan.app */,
			);
			name = Products;
			sourceTree = "<group>";
		};
		8021D7E61D5AFFA100FCE099 /* YueBan */ = {
			isa = PBXGroup;
			children = (
				80CD97321D61FB4E0043B2FC /* AudioPlayerView */,
				80CD97391D61FB4E0043B2FC /* HomePage */,
				80CD97421D61FB4E0043B2FC /* PersonalCenter */,
				80CD97491D61FB4E0043B2FC /* Protocol */,
				80CD96FF1D61FB3F0043B2FC /* Images */,
				80CD96DE1D61EC730043B2FC /* TencentOpenAPI.framework */,
				80CD96E01D61ECA50043B2FC /* Headers */,
				80CD96B71D60D9B30043B2FC /* lib */,
				80CD96B21D60D8A10043B2FC /* login */,
				8021D8141D5B068400FCE099 /* main */,
				8021D8011D5B026E00FCE099 /* other */,
				8021D8061D5B026E00FCE099 /* source */,
				8021D7F81D5AFFA100FCE099 /* Info.plist */,
				8021D80F1D5B02D400FCE099 /* main.m */,
				8021D7E71D5AFFA100FCE099 /* Supporting Files */,
			);
			path = YueBan;
			sourceTree = "<group>";
		};
		8021D7E71D5AFFA100FCE099 /* Supporting Files */ = {
			isa = PBXGroup;
			children = (
			);
			name = "Supporting Files";
			sourceTree = "<group>";
		};
		8021D8011D5B026E00FCE099 /* other */ = {
			isa = PBXGroup;
			children = (
				8021D8021D5B026E00FCE099 /* controller */,
				8021D8051D5B026E00FCE099 /* view */,
			);
			path = other;
			sourceTree = "<group>";
		};
		8021D8021D5B026E00FCE099 /* controller */ = {
			isa = PBXGroup;
			children = (
				8021D8031D5B026E00FCE099 /* YBNavController.h */,
				8021D8041D5B026E00FCE099 /* YBNavController.m */,
				8021D8111D5B036B00FCE099 /* YBTabBarController.h */,
				8021D8121D5B036B00FCE099 /* YBTabBarController.m */,
			);
			path = controller;
			sourceTree = "<group>";
		};
		8021D8051D5B026E00FCE099 /* view */ = {
			isa = PBXGroup;
			children = (
			);
			path = view;
			sourceTree = "<group>";
		};
		8021D8061D5B026E00FCE099 /* source */ = {
			isa = PBXGroup;
			children = (
				8021D7F31D5AFFA100FCE099 /* Assets.xcassets */,
				8021D8071D5B026E00FCE099 /* AppDelegate.h */,
				8021D8081D5B026E00FCE099 /* AppDelegate.m */,
			);
			path = source;
			sourceTree = "<group>";
		};
		8021D8141D5B068400FCE099 /* main */ = {
			isa = PBXGroup;
			children = (
				8021D8151D5B068400FCE099 /* controller */,
				8021D8161D5B068400FCE099 /* view */,
			);
			path = main;
			sourceTree = "<group>";
		};
		8021D8151D5B068400FCE099 /* controller */ = {
			isa = PBXGroup;
			children = (
				8021D8171D5B06AA00FCE099 /* YBMainViewController.h */,
				8021D8181D5B06AA00FCE099 /* YBMainViewController.m */,
			);
			path = controller;
			sourceTree = "<group>";
		};
		8021D8161D5B068400FCE099 /* view */ = {
			isa = PBXGroup;
			children = (
			);
			path = view;
			sourceTree = "<group>";
		};
		80CD96B21D60D8A10043B2FC /* login */ = {
			isa = PBXGroup;
			children = (
				80CD96EC1D61ED860043B2FC /* util */,
				80CD96B31D60D8A10043B2FC /* controller */,
			);
			path = login;
			sourceTree = "<group>";
		};
		80CD96B31D60D8A10043B2FC /* controller */ = {
			isa = PBXGroup;
			children = (
				80CD96B41D60D8C60043B2FC /* YBLoginController.h */,
				80CD96B51D60D8C60043B2FC /* YBLoginController.m */,
			);
			path = controller;
			sourceTree = "<group>";
		};
		80CD96B71D60D9B30043B2FC /* lib */ = {
			isa = PBXGroup;
			children = (
				80CD96B81D60D9FD0043B2FC /* Masonry */,
			);
			path = lib;
			sourceTree = "<group>";
		};
		80CD96B81D60D9FD0043B2FC /* Masonry */ = {
			isa = PBXGroup;
			children = (
				80CD96B91D60D9FD0043B2FC /* MASCompositeConstraint.h */,
				80CD96BA1D60D9FD0043B2FC /* MASCompositeConstraint.m */,
				80CD96BB1D60D9FD0043B2FC /* MASConstraint+Private.h */,
				80CD96BC1D60D9FD0043B2FC /* MASConstraint.h */,
				80CD96BD1D60D9FD0043B2FC /* MASConstraint.m */,
				80CD96BE1D60D9FD0043B2FC /* MASConstraintMaker.h */,
				80CD96BF1D60D9FD0043B2FC /* MASConstraintMaker.m */,
				80CD96C01D60D9FD0043B2FC /* MASLayoutConstraint.h */,
				80CD96C11D60D9FD0043B2FC /* MASLayoutConstraint.m */,
				80CD96C21D60D9FD0043B2FC /* Masonry.h */,
				80CD96C31D60D9FD0043B2FC /* MASUtilities.h */,
				80CD96C41D60D9FD0043B2FC /* MASViewAttribute.h */,
				80CD96C51D60D9FD0043B2FC /* MASViewAttribute.m */,
				80CD96C61D60D9FD0043B2FC /* MASViewConstraint.h */,
				80CD96C71D60D9FD0043B2FC /* MASViewConstraint.m */,
				80CD96C81D60D9FD0043B2FC /* NSArray+MASAdditions.h */,
				80CD96C91D60D9FD0043B2FC /* NSArray+MASAdditions.m */,
				80CD96CA1D60D9FD0043B2FC /* NSArray+MASShorthandAdditions.h */,
				80CD96CB1D60D9FD0043B2FC /* NSLayoutConstraint+MASDebugAdditions.h */,
				80CD96CC1D60D9FD0043B2FC /* NSLayoutConstraint+MASDebugAdditions.m */,
				80CD96CD1D60D9FD0043B2FC /* View+MASAdditions.h */,
				80CD96CE1D60D9FD0043B2FC /* View+MASAdditions.m */,
				80CD96CF1D60D9FD0043B2FC /* View+MASShorthandAdditions.h */,
				80CD96D01D60D9FD0043B2FC /* ViewController+MASAdditions.h */,
				80CD96D11D60D9FD0043B2FC /* ViewController+MASAdditions.m */,
			);
			path = Masonry;
			sourceTree = "<group>";
		};
		80CD96E01D61ECA50043B2FC /* Headers */ = {
			isa = PBXGroup;
			children = (
				80CD96E11D61ECA50043B2FC /* QQApiInterface.h */,
				80CD96E21D61ECA50043B2FC /* QQApiInterfaceObject.h */,
				80CD96E31D61ECA50043B2FC /* sdkdef.h */,
				80CD96E41D61ECA50043B2FC /* TencentOAuth.h */,
				80CD96E51D61ECA50043B2FC /* TencentOAuthObject.h */,
			);
			path = Headers;
			sourceTree = "<group>";
		};
		80CD96EC1D61ED860043B2FC /* util */ = {
			isa = PBXGroup;
			children = (
				80CD96F01D61EDAF0043B2FC /* sdkDef.h */,
				80CD96ED1D61ED8E0043B2FC /* sdkCall.h */,
				80CD96EE1D61ED8E0043B2FC /* sdkCall.m */,
				80CD96FC1D61F7220043B2FC /* YBDevice.h */,
				80CD96FD1D61F7220043B2FC /* YBDevice.m */,
			);
			path = util;
			sourceTree = "<group>";
		};
		80CD96FF1D61FB3F0043B2FC /* Images */ = {
			isa = PBXGroup;
			children = (
				80CD97001D61FB3F0043B2FC /* bkg.png */,
				80CD97011D61FB3F0043B2FC /* bkg0.png */,
				80CD97021D61FB3F0043B2FC /* bubble1.png */,
				80CD97031D61FB3F0043B2FC /* bubble2.png */,
				80CD97041D61FB3F0043B2FC /* bubble3.png */,
				80CD97051D61FB3F0043B2FC /* bubble4.png */,
				80CD97061D61FB3F0043B2FC /* bubble5.png */,
				80CD97071D61FB3F0043B2FC /* buttonbkg.png */,
				80CD97081D61FB3F0043B2FC /* close.png */,
				80CD97091D61FB3F0043B2FC /* defaultcover.png */,
				80CD970A1D61FB3F0043B2FC /* defaulticon.png */,
				80CD970B1D61FB3F0043B2FC /* dislike.png */,
				80CD970C1D61FB3F0043B2FC /* dropdown.png */,
				80CD970D1D61FB3F0043B2FC /* dropdownbkg.png */,
				80CD970E1D61FB3F0043B2FC /* forward.png */,
				80CD970F1D61FB3F0043B2FC /* like.png */,
				80CD97101D61FB3F0043B2FC /* Line.png */,
				80CD97111D61FB3F0043B2FC /* personalcenterbkg.png */,
				80CD97121D61FB3F0043B2FC /* playlists.png */,
				80CD97131D61FB3F0043B2FC /* return.png */,
				80CD97141D61FB3F0043B2FC /* slider.png */,
				80CD97151D61FB3F0043B2FC /* songcover.png */,
				80CD97161D61FB3F0043B2FC /* statusbar.png */,
				80CD97171D61FB3F0043B2FC /* statusbar0.png */,
				80CD97181D61FB3F0043B2FC /* usericon.png */,
			);
			path = Images;
			sourceTree = "<group>";
		};
		80CD97321D61FB4E0043B2FC /* AudioPlayerView */ = {
			isa = PBXGroup;
			children = (
				80CD97331D61FB4E0043B2FC /* PlayerStatusBarView.h */,
				80CD97341D61FB4E0043B2FC /* PlayerStatusBarView.m */,
				80CD97351D61FB4E0043B2FC /* YueBanAudioPlayer.h */,
				80CD97361D61FB4E0043B2FC /* YueBanAudioPlayer.m */,
				80CD97371D61FB4E0043B2FC /* YueBanPlayerViewController.h */,
				80CD97381D61FB4E0043B2FC /* YueBanPlayerViewController.m */,
			);
			path = AudioPlayerView;
			sourceTree = "<group>";
		};
		80CD97391D61FB4E0043B2FC /* HomePage */ = {
			isa = PBXGroup;
			children = (
				80CD973A1D61FB4E0043B2FC /* BubbleItemView.h */,
				80CD973B1D61FB4E0043B2FC /* BubbleItemView.m */,
				80CD973C1D61FB4E0043B2FC /* DropDownItemView.h */,
				80CD973D1D61FB4E0043B2FC /* DropDownItemView.m */,
				80CD973E1D61FB4E0043B2FC /* YueBanDropDownView.h */,
				80CD973F1D61FB4E0043B2FC /* YueBanDropDownView.m */,
				80CD97401D61FB4E0043B2FC /* YueBanMainViewController.h */,
				80CD97411D61FB4E0043B2FC /* YueBanMainViewController.m */,
			);
			path = HomePage;
			sourceTree = "<group>";
		};
		80CD97421D61FB4E0043B2FC /* PersonalCenter */ = {
			isa = PBXGroup;
			children = (
				80CD97431D61FB4E0043B2FC /* PersonalCenterBubbleTableViewCell.h */,
				80CD97441D61FB4E0043B2FC /* PersonalCenterBubbleTableViewCell.m */,
				80CD97451D61FB4E0043B2FC /* PersonalCenterHeadView.h */,
				80CD97461D61FB4E0043B2FC /* PersonalCenterHeadView.m */,
				80CD97471D61FB4E0043B2FC /* PersonalCenterTableViewController.h */,
				80CD97481D61FB4E0043B2FC /* PersonalCenterTableViewController.m */,
			);
			path = PersonalCenter;
			sourceTree = "<group>";
		};
		80CD97491D61FB4E0043B2FC /* Protocol */ = {
			isa = PBXGroup;
			children = (
				80CD974A1D61FB4E0043B2FC /* YBProtocol.h */,
				80CD974B1D61FB4E0043B2FC /* YBProtocol.m */,
			);
			path = Protocol;
			sourceTree = "<group>";
		};
/* End PBXGroup section */

/* Begin PBXNativeTarget section */
		8021D7E31D5AFFA100FCE099 /* YueBan */ = {
			isa = PBXNativeTarget;
			buildConfigurationList = 8021D7FB1D5AFFA100FCE099 /* Build configuration list for PBXNativeTarget "YueBan" */;
			buildPhases = (
				8021D7E01D5AFFA100FCE099 /* Sources */,
				8021D7E11D5AFFA100FCE099 /* Frameworks */,
				8021D7E21D5AFFA100FCE099 /* Resources */,
			);
			buildRules = (
			);
			dependencies = (
			);
			name = YueBan;
			productName = YueBan;
			productReference = 8021D7E41D5AFFA100FCE099 /* YueBan.app */;
			productType = "com.apple.product-type.application";
		};
/* End PBXNativeTarget section */

/* Begin PBXProject section */
		8021D7DC1D5AFFA100FCE099 /* Project object */ = {
			isa = PBXProject;
			attributes = {
				CLASSPREFIX = YB;
				LastUpgradeCheck = 0730;
				ORGANIZATIONNAME = etund;
				TargetAttributes = {
					8021D7E31D5AFFA100FCE099 = {
						CreatedOnToolsVersion = 7.3.1;
					};
				};
			};
			buildConfigurationList = 8021D7DF1D5AFFA100FCE099 /* Build configuration list for PBXProject "YueBan" */;
			compatibilityVersion = "Xcode 3.2";
			developmentRegion = English;
			hasScannedForEncodings = 0;
			knownRegions = (
				en,
				Base,
			);
			mainGroup = 8021D7DB1D5AFFA100FCE099;
			productRefGroup = 8021D7E51D5AFFA100FCE099 /* Products */;
			projectDirPath = "";
			projectRoot = "";
			targets = (
				8021D7E31D5AFFA100FCE099 /* YueBan */,
			);
		};
/* End PBXProject section */

/* Begin PBXResourcesBuildPhase section */
		8021D7E21D5AFFA100FCE099 /* Resources */ = {
			isa = PBXResourcesBuildPhase;
			buildActionMask = 2147483647;
			files = (
				80CD972D1D61FB3F0043B2FC /* slider.png in Resources */,
				80CD97191D61FB3F0043B2FC /* bkg.png in Resources */,
				80CD97201D61FB3F0043B2FC /* buttonbkg.png in Resources */,
				8021D7F41D5AFFA100FCE099 /* Assets.xcassets in Resources */,
				80CD972E1D61FB3F0043B2FC /* songcover.png in Resources */,
				80CD97271D61FB3F0043B2FC /* forward.png in Resources */,
				80CD971A1D61FB3F0043B2FC /* bkg0.png in Resources */,
				80CD97251D61FB3F0043B2FC /* dropdown.png in Resources */,
				80CD97221D61FB3F0043B2FC /* defaultcover.png in Resources */,
				80CD972F1D61FB3F0043B2FC /* statusbar.png in Resources */,
				80CD972A1D61FB3F0043B2FC /* personalcenterbkg.png in Resources */,
				80CD97281D61FB3F0043B2FC /* like.png in Resources */,
				80CD971C1D61FB3F0043B2FC /* bubble2.png in Resources */,
				80CD97291D61FB3F0043B2FC /* Line.png in Resources */,
				80CD972C1D61FB3F0043B2FC /* return.png in Resources */,
				80CD97311D61FB3F0043B2FC /* usericon.png in Resources */,
				80CD97301D61FB3F0043B2FC /* statusbar0.png in Resources */,
				80CD97241D61FB3F0043B2FC /* dislike.png in Resources */,
				80CD971B1D61FB3F0043B2FC /* bubble1.png in Resources */,
				80CD971D1D61FB3F0043B2FC /* bubble3.png in Resources */,
				80CD97231D61FB3F0043B2FC /* defaulticon.png in Resources */,
				80CD971E1D61FB3F0043B2FC /* bubble4.png in Resources */,
				80CD97211D61FB3F0043B2FC /* close.png in Resources */,
				80CD972B1D61FB3F0043B2FC /* playlists.png in Resources */,
				80CD971F1D61FB3F0043B2FC /* bubble5.png in Resources */,
				80CD97261D61FB3F0043B2FC /* dropdownbkg.png in Resources */,
			);
			runOnlyForDeploymentPostprocessing = 0;
		};
/* End PBXResourcesBuildPhase section */

/* Begin PBXSourcesBuildPhase section */
		8021D7E01D5AFFA100FCE099 /* Sources */ = {
			isa = PBXSourcesBuildPhase;
			buildActionMask = 2147483647;
			files = (
				80CD96D31D60D9FD0043B2FC /* MASConstraint.m in Sources */,
				80CD96D61D60D9FD0043B2FC /* MASViewAttribute.m in Sources */,
				80CD96DB1D60D9FD0043B2FC /* ViewController+MASAdditions.m in Sources */,
				80CD96D81D60D9FD0043B2FC /* NSArray+MASAdditions.m in Sources */,
				80CD97531D61FB4E0043B2FC /* PersonalCenterBubbleTableViewCell.m in Sources */,
				8021D80A1D5B026E00FCE099 /* YBNavController.m in Sources */,
				80CD97551D61FB4E0043B2FC /* PersonalCenterTableViewController.m in Sources */,
				80CD97561D61FB4E0043B2FC /* YBProtocol.m in Sources */,
				80CD96D71D60D9FD0043B2FC /* MASViewConstraint.m in Sources */,
				80CD96D51D60D9FD0043B2FC /* MASLayoutConstraint.m in Sources */,
				8021D8101D5B02D400FCE099 /* main.m in Sources */,
				8021D8131D5B036B00FCE099 /* YBTabBarController.m in Sources */,
				80CD96DA1D60D9FD0043B2FC /* View+MASAdditions.m in Sources */,
				80CD97541D61FB4E0043B2FC /* PersonalCenterHeadView.m in Sources */,
				80CD96FE1D61F7220043B2FC /* YBDevice.m in Sources */,
				80CD974F1D61FB4E0043B2FC /* BubbleItemView.m in Sources */,
				80CD97501D61FB4E0043B2FC /* DropDownItemView.m in Sources */,
				80CD96D21D60D9FD0043B2FC /* MASCompositeConstraint.m in Sources */,
				80CD96D91D60D9FD0043B2FC /* NSLayoutConstraint+MASDebugAdditions.m in Sources */,
				80CD974E1D61FB4E0043B2FC /* YueBanPlayerViewController.m in Sources */,
				80CD974D1D61FB4E0043B2FC /* YueBanAudioPlayer.m in Sources */,
				80CD96D41D60D9FD0043B2FC /* MASConstraintMaker.m in Sources */,
				8021D80B1D5B026E00FCE099 /* AppDelegate.m in Sources */,
				80CD97511D61FB4E0043B2FC /* YueBanDropDownView.m in Sources */,
				80CD97521D61FB4E0043B2FC /* YueBanMainViewController.m in Sources */,
				80CD96EF1D61ED8E0043B2FC /* sdkCall.m in Sources */,
				80CD96B61D60D8C60043B2FC /* YBLoginController.m in Sources */,
				80CD974C1D61FB4E0043B2FC /* PlayerStatusBarView.m in Sources */,
				8021D8191D5B06AA00FCE099 /* YBMainViewController.m in Sources */,
			);
			runOnlyForDeploymentPostprocessing = 0;
		};
/* End PBXSourcesBuildPhase section */

/* Begin XCBuildConfiguration section */
		8021D7F91D5AFFA100FCE099 /* Debug */ = {
			isa = XCBuildConfiguration;
			buildSettings = {
				ALWAYS_SEARCH_USER_PATHS = NO;
				CLANG_ANALYZER_NONNULL = YES;
				CLANG_CXX_LANGUAGE_STANDARD = "gnu++0x";
				CLANG_CXX_LIBRARY = "libc++";
				CLANG_ENABLE_MODULES = YES;
				CLANG_ENABLE_OBJC_ARC = YES;
				CLANG_WARN_BOOL_CONVERSION = YES;
				CLANG_WARN_CONSTANT_CONVERSION = YES;
				CLANG_WARN_DIRECT_OBJC_ISA_USAGE = YES_ERROR;
				CLANG_WARN_EMPTY_BODY = YES;
				CLANG_WARN_ENUM_CONVERSION = YES;
				CLANG_WARN_INT_CONVERSION = YES;
				CLANG_WARN_OBJC_ROOT_CLASS = YES_ERROR;
				CLANG_WARN_UNREACHABLE_CODE = YES;
				CLANG_WARN__DUPLICATE_METHOD_MATCH = YES;
				"CODE_SIGN_IDENTITY[sdk=iphoneos*]" = "iPhone Developer";
				COPY_PHASE_STRIP = NO;
				DEBUG_INFORMATION_FORMAT = dwarf;
				ENABLE_STRICT_OBJC_MSGSEND = YES;
				ENABLE_TESTABILITY = YES;
				GCC_C_LANGUAGE_STANDARD = gnu99;
				GCC_DYNAMIC_NO_PIC = NO;
				GCC_NO_COMMON_BLOCKS = YES;
				GCC_OPTIMIZATION_LEVEL = 0;
				GCC_PREPROCESSOR_DEFINITIONS = (
					"DEBUG=1",
					"$(inherited)",
				);
				GCC_WARN_64_TO_32_BIT_CONVERSION = YES;
				GCC_WARN_ABOUT_RETURN_TYPE = YES_ERROR;
				GCC_WARN_UNDECLARED_SELECTOR = YES;
				GCC_WARN_UNINITIALIZED_AUTOS = YES_AGGRESSIVE;
				GCC_WARN_UNUSED_FUNCTION = YES;
				GCC_WARN_UNUSED_VARIABLE = YES;
				IPHONEOS_DEPLOYMENT_TARGET = 9.3;
				MTL_ENABLE_DEBUG_INFO = YES;
				ONLY_ACTIVE_ARCH = YES;
				SDKROOT = iphoneos;
				TARGETED_DEVICE_FAMILY = "1,2";
			};
			name = Debug;
		};
		8021D7FA1D5AFFA100FCE099 /* Release */ = {
			isa = XCBuildConfiguration;
			buildSettings = {
				ALWAYS_SEARCH_USER_PATHS = NO;
				CLANG_ANALYZER_NONNULL = YES;
				CLANG_CXX_LANGUAGE_STANDARD = "gnu++0x";
				CLANG_CXX_LIBRARY = "libc++";
				CLANG_ENABLE_MODULES = YES;
				CLANG_ENABLE_OBJC_ARC = YES;
				CLANG_WARN_BOOL_CONVERSION = YES;
				CLANG_WARN_CONSTANT_CONVERSION = YES;
				CLANG_WARN_DIRECT_OBJC_ISA_USAGE = YES_ERROR;
				CLANG_WARN_EMPTY_BODY = YES;
				CLANG_WARN_ENUM_CONVERSION = YES;
				CLANG_WARN_INT_CONVERSION = YES;
				CLANG_WARN_OBJC_ROOT_CLASS = YES_ERROR;
				CLANG_WARN_UNREACHABLE_CODE = YES;
				CLANG_WARN__DUPLICATE_METHOD_MATCH = YES;
				"CODE_SIGN_IDENTITY[sdk=iphoneos*]" = "iPhone Developer";
				COPY_PHASE_STRIP = NO;
				DEBUG_INFORMATION_FORMAT = "dwarf-with-dsym";
				ENABLE_NS_ASSERTIONS = NO;
				ENABLE_STRICT_OBJC_MSGSEND = YES;
				GCC_C_LANGUAGE_STANDARD = gnu99;
				GCC_NO_COMMON_BLOCKS = YES;
				GCC_WARN_64_TO_32_BIT_CONVERSION = YES;
				GCC_WARN_ABOUT_RETURN_TYPE = YES_ERROR;
				GCC_WARN_UNDECLARED_SELECTOR = YES;
				GCC_WARN_UNINITIALIZED_AUTOS = YES_AGGRESSIVE;
				GCC_WARN_UNUSED_FUNCTION = YES;
				GCC_WARN_UNUSED_VARIABLE = YES;
				IPHONEOS_DEPLOYMENT_TARGET = 9.3;
				MTL_ENABLE_DEBUG_INFO = NO;
				SDKROOT = iphoneos;
				TARGETED_DEVICE_FAMILY = "1,2";
				VALIDATE_PRODUCT = YES;
			};
			name = Release;
		};
		8021D7FC1D5AFFA100FCE099 /* Debug */ = {
			isa = XCBuildConfiguration;
			buildSettings = {
				ASSETCATALOG_COMPILER_APPICON_NAME = AppIcon;
				FRAMEWORK_SEARCH_PATHS = (
					"$(inherited)",
					"$(PROJECT_DIR)",
				);
				INFOPLIST_FILE = YueBan/Info.plist;
				IPHONEOS_DEPLOYMENT_TARGET = 7.0;
				LD_RUNPATH_SEARCH_PATHS = "$(inherited) @executable_path/Frameworks";
				PRODUCT_BUNDLE_IDENTIFIER = com.tencent.etund.YueBan;
				PRODUCT_NAME = "$(TARGET_NAME)";
				TARGETED_DEVICE_FAMILY = "1,2";
			};
			name = Debug;
		};
		8021D7FD1D5AFFA100FCE099 /* Release */ = {
			isa = XCBuildConfiguration;
			buildSettings = {
				ASSETCATALOG_COMPILER_APPICON_NAME = AppIcon;
				FRAMEWORK_SEARCH_PATHS = (
					"$(inherited)",
					"$(PROJECT_DIR)",
				);
				INFOPLIST_FILE = YueBan/Info.plist;
				IPHONEOS_DEPLOYMENT_TARGET = 7.0;
				LD_RUNPATH_SEARCH_PATHS = "$(inherited) @executable_path/Frameworks";
				PRODUCT_BUNDLE_IDENTIFIER = com.tencent.etund.YueBan;
				PRODUCT_NAME = "$(TARGET_NAME)";
				TARGETED_DEVICE_FAMILY = "1,2";
			};
			name = Release;
		};
/* End XCBuildConfiguration section */

/* Begin XCConfigurationList section */
		8021D7DF1D5AFFA100FCE099 /* Build configuration list for PBXProject "YueBan" */ = {
			isa = XCConfigurationList;
			buildConfigurations = (
				8021D7F91D5AFFA100FCE099 /* Debug */,
				8021D7FA1D5AFFA100FCE099 /* Release */,
			);
			defaultConfigurationIsVisible = 0;
			defaultConfigurationName = Release;
		};
		8021D7FB1D5AFFA100FCE099 /* Build configuration list for PBXNativeTarget "YueBan" */ = {
			isa = XCConfigurationList;
			buildConfigurations = (
				8021D7FC1D5AFFA100FCE099 /* Debug */,
				8021D7FD1D5AFFA100FCE099 /* Release */,
			);
			defaultConfigurationIsVisible = 0;
			defaultConfigurationName = Release;
		};
/* End XCConfigurationList section */
	};
	rootObject = 8021D7DC1D5AFFA100FCE099 /* Project object */;
}
